
Microsoft Visual Studio Solution File, Format Version 12.00
# Visual Studio 15
VisualStudioVersion = 15.0.28307.1972
MinimumVisualStudioVersion = 10.0.40219.1
Project("{FAE04EC0-301F-11D3-BF4B-00C04F79EFBC}") = "lb3", "lb3\lb3.csproj", "{2D4A58F0-6C77-4198-AF79-E8A59B2883A9}"
EndProject
Global
	GlobalSection(SolutionConfigurationPlatforms) = preSolution
		Debug|Any CPU = Debug|Any CPU
		Release|Any CPU = Release|Any CPU
	EndGlobalSection
	GlobalSection(ProjectConfigurationPlatforms) = postSolution
		{2D4A58F0-6C77-4198-AF79-E8A59B2883A9}.Debug|Any CPU.ActiveCfg = Debug|Any CPU
		{2D4A58F0-6C77-4198-AF79-E8A59B2883A9}.Debug|Any CPU.Build.0 = Debug|Any CPU
		{2D4A58F0-6C77-4198-AF79-E8A59B2883A9}.Release|Any CPU.ActiveCfg = Release|Any CPU
		{2D4A58F0-6C77-4198-AF79-E8A59B2883A9}.Release|Any CPU.Build.0 = Release|Any CPU
	EndGlobalSection
	GlobalSection(SolutionProperties) = preSolution
		HideSolutionNode = FALSE
	EndGlobalSection
	GlobalSection(ExtensibilityGlobals) = postSolution
		SolutionGuid = {1C235648-AEAB-40EE-858C-E4BF3C81B6B9}
	EndGlobalSection
EndGlobal
